
Microsoft Visual Studio Solution File, Format Version 12.00
# Visual Studio Version 17
VisualStudioVersion = 17.4.33205.214
MinimumVisualStudioVersion = 10.0.40219.1
Project("{FAE04EC0-301F-11D3-BF4B-00C04F79EFBC}") = "Creating_Inteview", "Creating_Inteview\Creating_Inteview.csproj", "{5FD6D56A-A3C1-474B-B5E3-E47151B65B94}"
EndProject
Global
	GlobalSection(SolutionConfigurationPlatforms) = preSolution
		Debug|Any CPU = Debug|Any CPU
		Release|Any CPU = Release|Any CPU
	EndGlobalSection
	GlobalSection(ProjectConfigurationPlatforms) = postSolution
		{5FD6D56A-A3C1-474B-B5E3-E47151B65B94}.Debug|Any CPU.ActiveCfg = Debug|Any CPU
		{5FD6D56A-A3C1-474B-B5E3-E47151B65B94}.Debug|Any CPU.Build.0 = Debug|Any CPU
		{5FD6D56A-A3C1-474B-B5E3-E47151B65B94}.Release|Any CPU.ActiveCfg = Release|Any CPU
		{5FD6D56A-A3C1-474B-B5E3-E47151B65B94}.Release|Any CPU.Build.0 = Release|Any CPU
	EndGlobalSection
	GlobalSection(SolutionProperties) = preSolution
		HideSolutionNode = FALSE
	EndGlobalSection
	GlobalSection(ExtensibilityGlobals) = postSolution
		SolutionGuid = {DD5CE2DD-909F-4C91-9225-AFAEA8F0E2B0}
	EndGlobalSection
EndGlobal
